
Microsoft Visual Studio Solution File, Format Version 12.00
# Visual Studio Version 16
VisualStudioVersion = 16.0.29123.88
MinimumVisualStudioVersion = 10.0.40219.1
Project("{2150E333-8FDC-42A3-9474-1A3956D46DE8}") = "Common", "Common", "{B9BD83EF-683E-4A08-9EA6-C84CFC77523B}"
EndProject
Project("{2150E333-8FDC-42A3-9474-1A3956D46DE8}") = "GetWay", "GetWay", "{99031C1D-AEF6-4549-A7CE-5568C0E97B62}"
EndProject
Project("{9A19103F-16F7-4668-BE54-9A1E7A4F7556}") = "APIGetWay", "APIGetWay\APIGetWay.csproj", "{0AA97C00-3B5B-4C4F-B5CF-1FC313E1AF86}"
EndProject
Project("{2150E333-8FDC-42A3-9474-1A3956D46DE8}") = "Employees", "Employees", "{CFC1D7BA-374D-413B-81BD-A7233AE5521C}"
EndProject
Project("{2150E333-8FDC-42A3-9474-1A3956D46DE8}") = "Tasks", "Tasks", "{98B1FF8E-BBA5-48CD-93E4-891BC5EDC5C4}"
EndProject
Project("{2150E333-8FDC-42A3-9474-1A3956D46DE8}") = "Backend", "Backend", "{7E56AC7F-EEE1-4B37-8659-9EFC587EAF1B}"
EndProject
Project("{2150E333-8FDC-42A3-9474-1A3956D46DE8}") = "Frontend", "Frontend", "{A81E604C-4E9A-4C1A-B114-7A9DE825F54F}"
EndProject
Project("{9A19103F-16F7-4668-BE54-9A1E7A4F7556}") = "BackendCore.Common", "BackendCore.Common\BackendCore.Common.csproj", "{DE5A36C8-E9E8-488D-8A4A-5375E0D7B37E}"
EndProject
Project("{9A19103F-16F7-4668-BE54-9A1E7A4F7556}") = "Employee.Api", "BackendCore.Api\Employee.Api.csproj", "{5055F327-19BC-4023-87F4-71250C8C6BE1}"
EndProject
Project("{9A19103F-16F7-4668-BE54-9A1E7A4F7556}") = "Employee.Data", "BackendCore.Data\Employee.Data.csproj", "{7925422B-1B55-4FAA-9DF7-8333820EE01A}"
EndProject
Project("{9A19103F-16F7-4668-BE54-9A1E7A4F7556}") = "Employee.Entities", "BackendCore.Entities\Employee.Entities.csproj", "{CFD9BE70-223C-4021-837C-2D4CEDA95E0F}"
EndProject
Project("{9A19103F-16F7-4668-BE54-9A1E7A4F7556}") = "Employee.Service", "BackendCore.Service\Employee.Service.csproj", "{1AFE1969-07DF-4953-BBC2-29744964178F}"
EndProject
Global
	GlobalSection(SolutionConfigurationPlatforms) = preSolution
		Debug|Any CPU = Debug|Any CPU
		Release|Any CPU = Release|Any CPU
	EndGlobalSection
	GlobalSection(ProjectConfigurationPlatforms) = postSolution
		{0AA97C00-3B5B-4C4F-B5CF-1FC313E1AF86}.Debug|Any CPU.ActiveCfg = Debug|Any CPU
		{0AA97C00-3B5B-4C4F-B5CF-1FC313E1AF86}.Debug|Any CPU.Build.0 = Debug|Any CPU
		{0AA97C00-3B5B-4C4F-B5CF-1FC313E1AF86}.Release|Any CPU.ActiveCfg = Release|Any CPU
		{0AA97C00-3B5B-4C4F-B5CF-1FC313E1AF86}.Release|Any CPU.Build.0 = Release|Any CPU
		{DE5A36C8-E9E8-488D-8A4A-5375E0D7B37E}.Debug|Any CPU.ActiveCfg = Debug|Any CPU
		{DE5A36C8-E9E8-488D-8A4A-5375E0D7B37E}.Debug|Any CPU.Build.0 = Debug|Any CPU
		{DE5A36C8-E9E8-488D-8A4A-5375E0D7B37E}.Release|Any CPU.ActiveCfg = Release|Any CPU
		{DE5A36C8-E9E8-488D-8A4A-5375E0D7B37E}.Release|Any CPU.Build.0 = Release|Any CPU
		{5055F327-19BC-4023-87F4-71250C8C6BE1}.Debug|Any CPU.ActiveCfg = Debug|Any CPU
		{5055F327-19BC-4023-87F4-71250C8C6BE1}.Debug|Any CPU.Build.0 = Debug|Any CPU
		{5055F327-19BC-4023-87F4-71250C8C6BE1}.Release|Any CPU.ActiveCfg = Release|Any CPU
		{5055F327-19BC-4023-87F4-71250C8C6BE1}.Release|Any CPU.Build.0 = Release|Any CPU
		{7925422B-1B55-4FAA-9DF7-8333820EE01A}.Debug|Any CPU.ActiveCfg = Debug|Any CPU
		{7925422B-1B55-4FAA-9DF7-8333820EE01A}.Debug|Any CPU.Build.0 = Debug|Any CPU
		{7925422B-1B55-4FAA-9DF7-8333820EE01A}.Release|Any CPU.ActiveCfg = Release|Any CPU
		{7925422B-1B55-4FAA-9DF7-8333820EE01A}.Release|Any CPU.Build.0 = Release|Any CPU
		{CFD9BE70-223C-4021-837C-2D4CEDA95E0F}.Debug|Any CPU.ActiveCfg = Debug|Any CPU
		{CFD9BE70-223C-4021-837C-2D4CEDA95E0F}.Debug|Any CPU.Build.0 = Debug|Any CPU
		{CFD9BE70-223C-4021-837C-2D4CEDA95E0F}.Release|Any CPU.ActiveCfg = Release|Any CPU
		{CFD9BE70-223C-4021-837C-2D4CEDA95E0F}.Release|Any CPU.Build.0 = Release|Any CPU
		{1AFE1969-07DF-4953-BBC2-29744964178F}.Debug|Any CPU.ActiveCfg = Debug|Any CPU
		{1AFE1969-07DF-4953-BBC2-29744964178F}.Debug|Any CPU.Build.0 = Debug|Any CPU
		{1AFE1969-07DF-4953-BBC2-29744964178F}.Release|Any CPU.ActiveCfg = Release|Any CPU
		{1AFE1969-07DF-4953-BBC2-29744964178F}.Release|Any CPU.Build.0 = Release|Any CPU
	EndGlobalSection
	GlobalSection(SolutionProperties) = preSolution
		HideSolutionNode = FALSE
	EndGlobalSection
	GlobalSection(NestedProjects) = preSolution
		{B9BD83EF-683E-4A08-9EA6-C84CFC77523B} = {7E56AC7F-EEE1-4B37-8659-9EFC587EAF1B}
		{99031C1D-AEF6-4549-A7CE-5568C0E97B62} = {7E56AC7F-EEE1-4B37-8659-9EFC587EAF1B}
		{0AA97C00-3B5B-4C4F-B5CF-1FC313E1AF86} = {99031C1D-AEF6-4549-A7CE-5568C0E97B62}
		{CFC1D7BA-374D-413B-81BD-A7233AE5521C} = {7E56AC7F-EEE1-4B37-8659-9EFC587EAF1B}
		{98B1FF8E-BBA5-48CD-93E4-891BC5EDC5C4} = {7E56AC7F-EEE1-4B37-8659-9EFC587EAF1B}
		{DE5A36C8-E9E8-488D-8A4A-5375E0D7B37E} = {B9BD83EF-683E-4A08-9EA6-C84CFC77523B}
		{5055F327-19BC-4023-87F4-71250C8C6BE1} = {CFC1D7BA-374D-413B-81BD-A7233AE5521C}
		{7925422B-1B55-4FAA-9DF7-8333820EE01A} = {CFC1D7BA-374D-413B-81BD-A7233AE5521C}
		{CFD9BE70-223C-4021-837C-2D4CEDA95E0F} = {CFC1D7BA-374D-413B-81BD-A7233AE5521C}
		{1AFE1969-07DF-4953-BBC2-29744964178F} = {CFC1D7BA-374D-413B-81BD-A7233AE5521C}
	EndGlobalSection
	GlobalSection(ExtensibilityGlobals) = postSolution
		SolutionGuid = {0E5DBE31-5476-438E-AB27-40FC9BD7AF12}
	EndGlobalSection
EndGlobal
