
Microsoft Visual Studio Solution File, Format Version 12.00
# Visual Studio Version 16
VisualStudioVersion = 16.0.29123.88
MinimumVisualStudioVersion = 10.0.40219.1
Project("{2150E333-8FDC-42A3-9474-1A3956D46DE8}") = "Common", "Common", "{B9BD83EF-683E-4A08-9EA6-C84CFC77523B}"
EndProject
Project("{2150E333-8FDC-42A3-9474-1A3956D46DE8}") = "GetWay", "GetWay", "{99031C1D-AEF6-4549-A7CE-5568C0E97B62}"
EndProject
Project("{9A19103F-16F7-4668-BE54-9A1E7A4F7556}") = "APIGetWay", "APIGetWay\APIGetWay.csproj", "{0AA97C00-3B5B-4C4F-B5CF-1FC313E1AF86}"
EndProject
Project("{2150E333-8FDC-42A3-9474-1A3956D46DE8}") = "Employees", "Employees", "{CFC1D7BA-374D-413B-81BD-A7233AE5521C}"
EndProject
Project("{2150E333-8FDC-42A3-9474-1A3956D46DE8}") = "Tasks", "Tasks", "{98B1FF8E-BBA5-48CD-93E4-891BC5EDC5C4}"
EndProject
Project("{2150E333-8FDC-42A3-9474-1A3956D46DE8}") = "Backend", "Backend", "{7E56AC7F-EEE1-4B37-8659-9EFC587EAF1B}"
EndProject
Project("{2150E333-8FDC-42A3-9474-1A3956D46DE8}") = "Frontend", "Frontend", "{A81E604C-4E9A-4C1A-B114-7A9DE825F54F}"
EndProject
Project("{9A19103F-16F7-4668-BE54-9A1E7A4F7556}") = "Employee.Api", "..\..\Elsadhan\AlsadhanBackend\BackendCore.Api\Employee.Api.csproj", "{DE065FB1-31CE-4C53-88F1-2DE7631F9C5C}"
EndProject
Project("{9A19103F-16F7-4668-BE54-9A1E7A4F7556}") = "Employee.Data", "..\..\Elsadhan\AlsadhanBackend\BackendCore.Data\Employee.Data.csproj", "{7C7B0296-664A-4BBE-AC28-58E36EC5A4B3}"
EndProject
Project("{9A19103F-16F7-4668-BE54-9A1E7A4F7556}") = "Employee.Entities", "..\..\Elsadhan\AlsadhanBackend\BackendCore.Entities\Employee.Entities.csproj", "{89F36311-C0ED-4412-AB83-469114E7928B}"
EndProject
Project("{9A19103F-16F7-4668-BE54-9A1E7A4F7556}") = "Employee.Service", "..\..\Elsadhan\AlsadhanBackend\BackendCore.Service\Employee.Service.csproj", "{DBBC201B-BF21-4DFA-8439-9CDBEAFE42FB}"
EndProject
Project("{9A19103F-16F7-4668-BE54-9A1E7A4F7556}") = "BackendCore.Common", "..\..\Elsadhan\AlsadhanBackend\BackendCore.Common\BackendCore.Common.csproj", "{C15CBE42-83AC-41F8-8F76-9E67548C4D34}"
EndProject
Global
	GlobalSection(SolutionConfigurationPlatforms) = preSolution
		Debug|Any CPU = Debug|Any CPU
		Release|Any CPU = Release|Any CPU
	EndGlobalSection
	GlobalSection(ProjectConfigurationPlatforms) = postSolution
		{0AA97C00-3B5B-4C4F-B5CF-1FC313E1AF86}.Debug|Any CPU.ActiveCfg = Debug|Any CPU
		{0AA97C00-3B5B-4C4F-B5CF-1FC313E1AF86}.Debug|Any CPU.Build.0 = Debug|Any CPU
		{0AA97C00-3B5B-4C4F-B5CF-1FC313E1AF86}.Release|Any CPU.ActiveCfg = Release|Any CPU
		{0AA97C00-3B5B-4C4F-B5CF-1FC313E1AF86}.Release|Any CPU.Build.0 = Release|Any CPU
		{DE065FB1-31CE-4C53-88F1-2DE7631F9C5C}.Debug|Any CPU.ActiveCfg = Debug|Any CPU
		{DE065FB1-31CE-4C53-88F1-2DE7631F9C5C}.Debug|Any CPU.Build.0 = Debug|Any CPU
		{DE065FB1-31CE-4C53-88F1-2DE7631F9C5C}.Release|Any CPU.ActiveCfg = Release|Any CPU
		{DE065FB1-31CE-4C53-88F1-2DE7631F9C5C}.Release|Any CPU.Build.0 = Release|Any CPU
		{7C7B0296-664A-4BBE-AC28-58E36EC5A4B3}.Debug|Any CPU.ActiveCfg = Debug|Any CPU
		{7C7B0296-664A-4BBE-AC28-58E36EC5A4B3}.Debug|Any CPU.Build.0 = Debug|Any CPU
		{7C7B0296-664A-4BBE-AC28-58E36EC5A4B3}.Release|Any CPU.ActiveCfg = Release|Any CPU
		{7C7B0296-664A-4BBE-AC28-58E36EC5A4B3}.Release|Any CPU.Build.0 = Release|Any CPU
		{89F36311-C0ED-4412-AB83-469114E7928B}.Debug|Any CPU.ActiveCfg = Debug|Any CPU
		{89F36311-C0ED-4412-AB83-469114E7928B}.Debug|Any CPU.Build.0 = Debug|Any CPU
		{89F36311-C0ED-4412-AB83-469114E7928B}.Release|Any CPU.ActiveCfg = Release|Any CPU
		{89F36311-C0ED-4412-AB83-469114E7928B}.Release|Any CPU.Build.0 = Release|Any CPU
		{DBBC201B-BF21-4DFA-8439-9CDBEAFE42FB}.Debug|Any CPU.ActiveCfg = Debug|Any CPU
		{DBBC201B-BF21-4DFA-8439-9CDBEAFE42FB}.Debug|Any CPU.Build.0 = Debug|Any CPU
		{DBBC201B-BF21-4DFA-8439-9CDBEAFE42FB}.Release|Any CPU.ActiveCfg = Release|Any CPU
		{DBBC201B-BF21-4DFA-8439-9CDBEAFE42FB}.Release|Any CPU.Build.0 = Release|Any CPU
		{C15CBE42-83AC-41F8-8F76-9E67548C4D34}.Debug|Any CPU.ActiveCfg = Debug|Any CPU
		{C15CBE42-83AC-41F8-8F76-9E67548C4D34}.Debug|Any CPU.Build.0 = Debug|Any CPU
		{C15CBE42-83AC-41F8-8F76-9E67548C4D34}.Release|Any CPU.ActiveCfg = Release|Any CPU
		{C15CBE42-83AC-41F8-8F76-9E67548C4D34}.Release|Any CPU.Build.0 = Release|Any CPU
	EndGlobalSection
	GlobalSection(SolutionProperties) = preSolution
		HideSolutionNode = FALSE
	EndGlobalSection
	GlobalSection(NestedProjects) = preSolution
		{B9BD83EF-683E-4A08-9EA6-C84CFC77523B} = {7E56AC7F-EEE1-4B37-8659-9EFC587EAF1B}
		{99031C1D-AEF6-4549-A7CE-5568C0E97B62} = {7E56AC7F-EEE1-4B37-8659-9EFC587EAF1B}
		{0AA97C00-3B5B-4C4F-B5CF-1FC313E1AF86} = {99031C1D-AEF6-4549-A7CE-5568C0E97B62}
		{CFC1D7BA-374D-413B-81BD-A7233AE5521C} = {7E56AC7F-EEE1-4B37-8659-9EFC587EAF1B}
		{98B1FF8E-BBA5-48CD-93E4-891BC5EDC5C4} = {7E56AC7F-EEE1-4B37-8659-9EFC587EAF1B}
		{DE065FB1-31CE-4C53-88F1-2DE7631F9C5C} = {CFC1D7BA-374D-413B-81BD-A7233AE5521C}
		{7C7B0296-664A-4BBE-AC28-58E36EC5A4B3} = {CFC1D7BA-374D-413B-81BD-A7233AE5521C}
		{89F36311-C0ED-4412-AB83-469114E7928B} = {CFC1D7BA-374D-413B-81BD-A7233AE5521C}
		{DBBC201B-BF21-4DFA-8439-9CDBEAFE42FB} = {CFC1D7BA-374D-413B-81BD-A7233AE5521C}
		{C15CBE42-83AC-41F8-8F76-9E67548C4D34} = {B9BD83EF-683E-4A08-9EA6-C84CFC77523B}
	EndGlobalSection
	GlobalSection(ExtensibilityGlobals) = postSolution
		SolutionGuid = {0E5DBE31-5476-438E-AB27-40FC9BD7AF12}
	EndGlobalSection
EndGlobal
