
Microsoft Visual Studio Solution File, Format Version 12.00
# Visual Studio Version 16
VisualStudioVersion = 16.0.29123.88
MinimumVisualStudioVersion = 10.0.40219.1
Project("{2150E333-8FDC-42A3-9474-1A3956D46DE8}") = "Common", "Common", "{B9BD83EF-683E-4A08-9EA6-C84CFC77523B}"
EndProject
Project("{2150E333-8FDC-42A3-9474-1A3956D46DE8}") = "GetWay", "GetWay", "{99031C1D-AEF6-4549-A7CE-5568C0E97B62}"
EndProject
Project("{9A19103F-16F7-4668-BE54-9A1E7A4F7556}") = "APIGetWay", "APIGetWay\APIGetWay.csproj", "{0AA97C00-3B5B-4C4F-B5CF-1FC313E1AF86}"
EndProject
Project("{2150E333-8FDC-42A3-9474-1A3956D46DE8}") = "Employees", "Employees", "{CFC1D7BA-374D-413B-81BD-A7233AE5521C}"
EndProject
Project("{2150E333-8FDC-42A3-9474-1A3956D46DE8}") = "Tasks", "Tasks", "{98B1FF8E-BBA5-48CD-93E4-891BC5EDC5C4}"
EndProject
Project("{2150E333-8FDC-42A3-9474-1A3956D46DE8}") = "Backend", "Backend", "{7E56AC7F-EEE1-4B37-8659-9EFC587EAF1B}"
EndProject
Project("{2150E333-8FDC-42A3-9474-1A3956D46DE8}") = "Frontend", "Frontend", "{A81E604C-4E9A-4C1A-B114-7A9DE825F54F}"
EndProject
Project("{9A19103F-16F7-4668-BE54-9A1E7A4F7556}") = "BackendCore.Common", "BackendCore.Common\BackendCore.Common.csproj", "{DE5A36C8-E9E8-488D-8A4A-5375E0D7B37E}"
EndProject
Project("{9A19103F-16F7-4668-BE54-9A1E7A4F7556}") = "Employee.Api", "Employee.Api\Employee.Api.csproj", "{129BE773-A676-4D19-8239-EE7C1A7CFF7B}"
EndProject
Project("{9A19103F-16F7-4668-BE54-9A1E7A4F7556}") = "Employee.Data", "Employee.Data\Employee.Data.csproj", "{814C191E-0E03-4F83-B4D8-82931ACA90FD}"
EndProject
Project("{9A19103F-16F7-4668-BE54-9A1E7A4F7556}") = "Employee.Entities", "Employee.Entities\Employee.Entities.csproj", "{F9C7D21D-9B24-4A18-986C-A7F4FD3367CA}"
EndProject
Project("{9A19103F-16F7-4668-BE54-9A1E7A4F7556}") = "Employee.Service", "Employee.Service\Employee.Service.csproj", "{AACAA2F7-2796-4D96-8659-57A940E591DA}"
EndProject
Project("{9A19103F-16F7-4668-BE54-9A1E7A4F7556}") = "Tasks.Api", "Tasks.Api\Tasks.Api.csproj", "{7AFEB086-BCE7-46CA-89CE-F924859E2AF5}"
EndProject
Project("{9A19103F-16F7-4668-BE54-9A1E7A4F7556}") = "Tasks.Data", "Tasks.Data\Tasks.Data.csproj", "{B437AAC1-EEEC-4DB0-A6B7-CBCEBC9D3FE0}"
EndProject
Project("{9A19103F-16F7-4668-BE54-9A1E7A4F7556}") = "Tasks.Entities", "Tasks.Entities\Tasks.Entities.csproj", "{71991BD1-9B08-49D0-89FA-C676D80709C6}"
EndProject
Project("{9A19103F-16F7-4668-BE54-9A1E7A4F7556}") = "Tasks.Service", "Tasks.Service\Tasks.Service.csproj", "{9706AEC2-3280-4AA1-8545-542D613D0F00}"
EndProject
Project("{FAE04EC0-301F-11D3-BF4B-00C04F79EFBC}") = "IdealSolutions.UI", "IdealSolutions.UI\IdealSolutions.UI.csproj", "{B3D82427-E7D9-49C3-8095-71D50D8AE478}"
EndProject
Global
	GlobalSection(SolutionConfigurationPlatforms) = preSolution
		Debug|Any CPU = Debug|Any CPU
		Release|Any CPU = Release|Any CPU
	EndGlobalSection
	GlobalSection(ProjectConfigurationPlatforms) = postSolution
		{0AA97C00-3B5B-4C4F-B5CF-1FC313E1AF86}.Debug|Any CPU.ActiveCfg = Debug|Any CPU
		{0AA97C00-3B5B-4C4F-B5CF-1FC313E1AF86}.Debug|Any CPU.Build.0 = Debug|Any CPU
		{0AA97C00-3B5B-4C4F-B5CF-1FC313E1AF86}.Release|Any CPU.ActiveCfg = Release|Any CPU
		{0AA97C00-3B5B-4C4F-B5CF-1FC313E1AF86}.Release|Any CPU.Build.0 = Release|Any CPU
		{DE5A36C8-E9E8-488D-8A4A-5375E0D7B37E}.Debug|Any CPU.ActiveCfg = Debug|Any CPU
		{DE5A36C8-E9E8-488D-8A4A-5375E0D7B37E}.Debug|Any CPU.Build.0 = Debug|Any CPU
		{DE5A36C8-E9E8-488D-8A4A-5375E0D7B37E}.Release|Any CPU.ActiveCfg = Release|Any CPU
		{DE5A36C8-E9E8-488D-8A4A-5375E0D7B37E}.Release|Any CPU.Build.0 = Release|Any CPU
		{129BE773-A676-4D19-8239-EE7C1A7CFF7B}.Debug|Any CPU.ActiveCfg = Debug|Any CPU
		{129BE773-A676-4D19-8239-EE7C1A7CFF7B}.Debug|Any CPU.Build.0 = Debug|Any CPU
		{129BE773-A676-4D19-8239-EE7C1A7CFF7B}.Release|Any CPU.ActiveCfg = Release|Any CPU
		{129BE773-A676-4D19-8239-EE7C1A7CFF7B}.Release|Any CPU.Build.0 = Release|Any CPU
		{814C191E-0E03-4F83-B4D8-82931ACA90FD}.Debug|Any CPU.ActiveCfg = Debug|Any CPU
		{814C191E-0E03-4F83-B4D8-82931ACA90FD}.Debug|Any CPU.Build.0 = Debug|Any CPU
		{814C191E-0E03-4F83-B4D8-82931ACA90FD}.Release|Any CPU.ActiveCfg = Release|Any CPU
		{814C191E-0E03-4F83-B4D8-82931ACA90FD}.Release|Any CPU.Build.0 = Release|Any CPU
		{F9C7D21D-9B24-4A18-986C-A7F4FD3367CA}.Debug|Any CPU.ActiveCfg = Debug|Any CPU
		{F9C7D21D-9B24-4A18-986C-A7F4FD3367CA}.Debug|Any CPU.Build.0 = Debug|Any CPU
		{F9C7D21D-9B24-4A18-986C-A7F4FD3367CA}.Release|Any CPU.ActiveCfg = Release|Any CPU
		{F9C7D21D-9B24-4A18-986C-A7F4FD3367CA}.Release|Any CPU.Build.0 = Release|Any CPU
		{AACAA2F7-2796-4D96-8659-57A940E591DA}.Debug|Any CPU.ActiveCfg = Debug|Any CPU
		{AACAA2F7-2796-4D96-8659-57A940E591DA}.Debug|Any CPU.Build.0 = Debug|Any CPU
		{AACAA2F7-2796-4D96-8659-57A940E591DA}.Release|Any CPU.ActiveCfg = Release|Any CPU
		{AACAA2F7-2796-4D96-8659-57A940E591DA}.Release|Any CPU.Build.0 = Release|Any CPU
		{7AFEB086-BCE7-46CA-89CE-F924859E2AF5}.Debug|Any CPU.ActiveCfg = Debug|Any CPU
		{7AFEB086-BCE7-46CA-89CE-F924859E2AF5}.Debug|Any CPU.Build.0 = Debug|Any CPU
		{7AFEB086-BCE7-46CA-89CE-F924859E2AF5}.Release|Any CPU.ActiveCfg = Release|Any CPU
		{7AFEB086-BCE7-46CA-89CE-F924859E2AF5}.Release|Any CPU.Build.0 = Release|Any CPU
		{B437AAC1-EEEC-4DB0-A6B7-CBCEBC9D3FE0}.Debug|Any CPU.ActiveCfg = Debug|Any CPU
		{B437AAC1-EEEC-4DB0-A6B7-CBCEBC9D3FE0}.Debug|Any CPU.Build.0 = Debug|Any CPU
		{B437AAC1-EEEC-4DB0-A6B7-CBCEBC9D3FE0}.Release|Any CPU.ActiveCfg = Release|Any CPU
		{B437AAC1-EEEC-4DB0-A6B7-CBCEBC9D3FE0}.Release|Any CPU.Build.0 = Release|Any CPU
		{71991BD1-9B08-49D0-89FA-C676D80709C6}.Debug|Any CPU.ActiveCfg = Debug|Any CPU
		{71991BD1-9B08-49D0-89FA-C676D80709C6}.Debug|Any CPU.Build.0 = Debug|Any CPU
		{71991BD1-9B08-49D0-89FA-C676D80709C6}.Release|Any CPU.ActiveCfg = Release|Any CPU
		{71991BD1-9B08-49D0-89FA-C676D80709C6}.Release|Any CPU.Build.0 = Release|Any CPU
		{9706AEC2-3280-4AA1-8545-542D613D0F00}.Debug|Any CPU.ActiveCfg = Debug|Any CPU
		{9706AEC2-3280-4AA1-8545-542D613D0F00}.Debug|Any CPU.Build.0 = Debug|Any CPU
		{9706AEC2-3280-4AA1-8545-542D613D0F00}.Release|Any CPU.ActiveCfg = Release|Any CPU
		{9706AEC2-3280-4AA1-8545-542D613D0F00}.Release|Any CPU.Build.0 = Release|Any CPU
		{B3D82427-E7D9-49C3-8095-71D50D8AE478}.Debug|Any CPU.ActiveCfg = Debug|Any CPU
		{B3D82427-E7D9-49C3-8095-71D50D8AE478}.Debug|Any CPU.Build.0 = Debug|Any CPU
		{B3D82427-E7D9-49C3-8095-71D50D8AE478}.Release|Any CPU.ActiveCfg = Release|Any CPU
		{B3D82427-E7D9-49C3-8095-71D50D8AE478}.Release|Any CPU.Build.0 = Release|Any CPU
	EndGlobalSection
	GlobalSection(SolutionProperties) = preSolution
		HideSolutionNode = FALSE
	EndGlobalSection
	GlobalSection(NestedProjects) = preSolution
		{B9BD83EF-683E-4A08-9EA6-C84CFC77523B} = {7E56AC7F-EEE1-4B37-8659-9EFC587EAF1B}
		{99031C1D-AEF6-4549-A7CE-5568C0E97B62} = {7E56AC7F-EEE1-4B37-8659-9EFC587EAF1B}
		{0AA97C00-3B5B-4C4F-B5CF-1FC313E1AF86} = {99031C1D-AEF6-4549-A7CE-5568C0E97B62}
		{CFC1D7BA-374D-413B-81BD-A7233AE5521C} = {7E56AC7F-EEE1-4B37-8659-9EFC587EAF1B}
		{98B1FF8E-BBA5-48CD-93E4-891BC5EDC5C4} = {7E56AC7F-EEE1-4B37-8659-9EFC587EAF1B}
		{DE5A36C8-E9E8-488D-8A4A-5375E0D7B37E} = {B9BD83EF-683E-4A08-9EA6-C84CFC77523B}
		{129BE773-A676-4D19-8239-EE7C1A7CFF7B} = {CFC1D7BA-374D-413B-81BD-A7233AE5521C}
		{814C191E-0E03-4F83-B4D8-82931ACA90FD} = {CFC1D7BA-374D-413B-81BD-A7233AE5521C}
		{F9C7D21D-9B24-4A18-986C-A7F4FD3367CA} = {CFC1D7BA-374D-413B-81BD-A7233AE5521C}
		{AACAA2F7-2796-4D96-8659-57A940E591DA} = {CFC1D7BA-374D-413B-81BD-A7233AE5521C}
		{7AFEB086-BCE7-46CA-89CE-F924859E2AF5} = {98B1FF8E-BBA5-48CD-93E4-891BC5EDC5C4}
		{B437AAC1-EEEC-4DB0-A6B7-CBCEBC9D3FE0} = {98B1FF8E-BBA5-48CD-93E4-891BC5EDC5C4}
		{71991BD1-9B08-49D0-89FA-C676D80709C6} = {98B1FF8E-BBA5-48CD-93E4-891BC5EDC5C4}
		{9706AEC2-3280-4AA1-8545-542D613D0F00} = {98B1FF8E-BBA5-48CD-93E4-891BC5EDC5C4}
		{B3D82427-E7D9-49C3-8095-71D50D8AE478} = {A81E604C-4E9A-4C1A-B114-7A9DE825F54F}
	EndGlobalSection
	GlobalSection(ExtensibilityGlobals) = postSolution
		SolutionGuid = {0E5DBE31-5476-438E-AB27-40FC9BD7AF12}
	EndGlobalSection
EndGlobal
