
Microsoft Visual Studio Solution File, Format Version 12.00
# Visual Studio 15
VisualStudioVersion = 15.0.28307.572
MinimumVisualStudioVersion = 10.0.40219.1
Project("{FAE04EC0-301F-11D3-BF4B-00C04F79EFBC}") = "Tenets.Identity.API", "Tenets.Identity.API\Tenets.Identity.API.csproj", "{245E803A-AB4F-40CA-8797-921C4084B044}"
EndProject
Project("{2150E333-8FDC-42A3-9474-1A3956D46DE8}") = "Identity", "Identity", "{0106514A-EC5A-4E9C-9C18-E48E9E738031}"
EndProject
Project("{FAE04EC0-301F-11D3-BF4B-00C04F79EFBC}") = "Tenets.Identity.Entities", "Tenets.Identity.Entities\Tenets.Identity.Entities.csproj", "{085144A8-9642-4AF5-B25E-34368DB5D939}"
EndProject
Project("{FAE04EC0-301F-11D3-BF4B-00C04F79EFBC}") = "Tenets.Identity.Data", "Tenets.Identity.Data\Tenets.Identity.Data.csproj", "{50234DCF-1BFA-49E9-A5BD-C2A4416DE8D4}"
EndProject
Project("{FAE04EC0-301F-11D3-BF4B-00C04F79EFBC}") = "Tenets.Identity.Services", "Tenets.Identity.Services\Tenets.Identity.Services.csproj", "{707357A4-B3C3-46EF-A9F9-652F06FEC11C}"
EndProject
Project("{2150E333-8FDC-42A3-9474-1A3956D46DE8}") = "Common", "Common", "{B9BD83EF-683E-4A08-9EA6-C84CFC77523B}"
EndProject
Project("{FAE04EC0-301F-11D3-BF4B-00C04F79EFBC}") = "Tenets.Common", "Tenets.Common\Tenets.Common.csproj", "{81BE248B-479F-4BFB-B1CE-B1D5A079615D}"
EndProject
Project("{FAE04EC0-301F-11D3-BF4B-00C04F79EFBC}") = "Tenets.Infrastructure", "Tenets.Infrastructure\Tenets.Infrastructure.csproj", "{76E251A7-5E8B-4BBA-A04F-367D062E2722}"
EndProject
Project("{FAE04EC0-301F-11D3-BF4B-00C04F79EFBC}") = "Tenets.Nugets", "Tenets.Nugets\Tenets.Nugets.csproj", "{70AE534E-654D-438B-8AD4-426CA38182F2}"
EndProject
Project("{2150E333-8FDC-42A3-9474-1A3956D46DE8}") = "Codes", "Codes", "{E8D8A9A7-F57D-47CB-9AF3-FF6CFECC7819}"
EndProject
Project("{FAE04EC0-301F-11D3-BF4B-00C04F79EFBC}") = "Codes.Entities", "Codes.Entities\Codes.Entities.csproj", "{5B488B5B-331F-4594-9957-7D4CBBE58ACF}"
EndProject
Project("{FAE04EC0-301F-11D3-BF4B-00C04F79EFBC}") = "Codes.Data", "Codes.Data\Codes.Data.csproj", "{10BD19E8-962A-4149-AD7B-42C6FD41FEAE}"
EndProject
Project("{FAE04EC0-301F-11D3-BF4B-00C04F79EFBC}") = "Codes.Services", "Codes.Services\Codes.Services.csproj", "{ECBD2587-A8AD-481C-85DB-172C887C30A4}"
EndProject
Project("{FAE04EC0-301F-11D3-BF4B-00C04F79EFBC}") = "Codes.API", "Codes.API\Codes.API.csproj", "{E3279BD4-2FEA-4C7F-ADB9-9752B3C6A14D}"
EndProject
Project("{2150E333-8FDC-42A3-9474-1A3956D46DE8}") = "GetWay", "GetWay", "{99031C1D-AEF6-4549-A7CE-5568C0E97B62}"
EndProject
Project("{FAE04EC0-301F-11D3-BF4B-00C04F79EFBC}") = "APIGetWay", "APIGetWay\APIGetWay.csproj", "{0AA97C00-3B5B-4C4F-B5CF-1FC313E1AF86}"
EndProject
Project("{FAE04EC0-301F-11D3-BF4B-00C04F79EFBC}") = "Services", "Services\Services.csproj", "{2F2E0002-5BCC-4986-809E-5620F3F470DF}"
EndProject
Global
	GlobalSection(SolutionConfigurationPlatforms) = preSolution
		Debug|Any CPU = Debug|Any CPU
		Release|Any CPU = Release|Any CPU
	EndGlobalSection
	GlobalSection(ProjectConfigurationPlatforms) = postSolution
		{245E803A-AB4F-40CA-8797-921C4084B044}.Debug|Any CPU.ActiveCfg = Debug|Any CPU
		{245E803A-AB4F-40CA-8797-921C4084B044}.Debug|Any CPU.Build.0 = Debug|Any CPU
		{245E803A-AB4F-40CA-8797-921C4084B044}.Release|Any CPU.ActiveCfg = Release|Any CPU
		{245E803A-AB4F-40CA-8797-921C4084B044}.Release|Any CPU.Build.0 = Release|Any CPU
		{085144A8-9642-4AF5-B25E-34368DB5D939}.Debug|Any CPU.ActiveCfg = Debug|Any CPU
		{085144A8-9642-4AF5-B25E-34368DB5D939}.Debug|Any CPU.Build.0 = Debug|Any CPU
		{085144A8-9642-4AF5-B25E-34368DB5D939}.Release|Any CPU.ActiveCfg = Release|Any CPU
		{085144A8-9642-4AF5-B25E-34368DB5D939}.Release|Any CPU.Build.0 = Release|Any CPU
		{50234DCF-1BFA-49E9-A5BD-C2A4416DE8D4}.Debug|Any CPU.ActiveCfg = Debug|Any CPU
		{50234DCF-1BFA-49E9-A5BD-C2A4416DE8D4}.Debug|Any CPU.Build.0 = Debug|Any CPU
		{50234DCF-1BFA-49E9-A5BD-C2A4416DE8D4}.Release|Any CPU.ActiveCfg = Release|Any CPU
		{50234DCF-1BFA-49E9-A5BD-C2A4416DE8D4}.Release|Any CPU.Build.0 = Release|Any CPU
		{707357A4-B3C3-46EF-A9F9-652F06FEC11C}.Debug|Any CPU.ActiveCfg = Debug|Any CPU
		{707357A4-B3C3-46EF-A9F9-652F06FEC11C}.Debug|Any CPU.Build.0 = Debug|Any CPU
		{707357A4-B3C3-46EF-A9F9-652F06FEC11C}.Release|Any CPU.ActiveCfg = Release|Any CPU
		{707357A4-B3C3-46EF-A9F9-652F06FEC11C}.Release|Any CPU.Build.0 = Release|Any CPU
		{81BE248B-479F-4BFB-B1CE-B1D5A079615D}.Debug|Any CPU.ActiveCfg = Debug|Any CPU
		{81BE248B-479F-4BFB-B1CE-B1D5A079615D}.Debug|Any CPU.Build.0 = Debug|Any CPU
		{81BE248B-479F-4BFB-B1CE-B1D5A079615D}.Release|Any CPU.ActiveCfg = Release|Any CPU
		{81BE248B-479F-4BFB-B1CE-B1D5A079615D}.Release|Any CPU.Build.0 = Release|Any CPU
		{76E251A7-5E8B-4BBA-A04F-367D062E2722}.Debug|Any CPU.ActiveCfg = Debug|Any CPU
		{76E251A7-5E8B-4BBA-A04F-367D062E2722}.Debug|Any CPU.Build.0 = Debug|Any CPU
		{76E251A7-5E8B-4BBA-A04F-367D062E2722}.Release|Any CPU.ActiveCfg = Release|Any CPU
		{76E251A7-5E8B-4BBA-A04F-367D062E2722}.Release|Any CPU.Build.0 = Release|Any CPU
		{70AE534E-654D-438B-8AD4-426CA38182F2}.Debug|Any CPU.ActiveCfg = Debug|Any CPU
		{70AE534E-654D-438B-8AD4-426CA38182F2}.Debug|Any CPU.Build.0 = Debug|Any CPU
		{70AE534E-654D-438B-8AD4-426CA38182F2}.Release|Any CPU.ActiveCfg = Release|Any CPU
		{70AE534E-654D-438B-8AD4-426CA38182F2}.Release|Any CPU.Build.0 = Release|Any CPU
		{5B488B5B-331F-4594-9957-7D4CBBE58ACF}.Debug|Any CPU.ActiveCfg = Debug|Any CPU
		{5B488B5B-331F-4594-9957-7D4CBBE58ACF}.Debug|Any CPU.Build.0 = Debug|Any CPU
		{5B488B5B-331F-4594-9957-7D4CBBE58ACF}.Release|Any CPU.ActiveCfg = Release|Any CPU
		{5B488B5B-331F-4594-9957-7D4CBBE58ACF}.Release|Any CPU.Build.0 = Release|Any CPU
		{10BD19E8-962A-4149-AD7B-42C6FD41FEAE}.Debug|Any CPU.ActiveCfg = Debug|Any CPU
		{10BD19E8-962A-4149-AD7B-42C6FD41FEAE}.Debug|Any CPU.Build.0 = Debug|Any CPU
		{10BD19E8-962A-4149-AD7B-42C6FD41FEAE}.Release|Any CPU.ActiveCfg = Release|Any CPU
		{10BD19E8-962A-4149-AD7B-42C6FD41FEAE}.Release|Any CPU.Build.0 = Release|Any CPU
		{ECBD2587-A8AD-481C-85DB-172C887C30A4}.Debug|Any CPU.ActiveCfg = Debug|Any CPU
		{ECBD2587-A8AD-481C-85DB-172C887C30A4}.Debug|Any CPU.Build.0 = Debug|Any CPU
		{ECBD2587-A8AD-481C-85DB-172C887C30A4}.Release|Any CPU.ActiveCfg = Release|Any CPU
		{ECBD2587-A8AD-481C-85DB-172C887C30A4}.Release|Any CPU.Build.0 = Release|Any CPU
		{E3279BD4-2FEA-4C7F-ADB9-9752B3C6A14D}.Debug|Any CPU.ActiveCfg = Debug|Any CPU
		{E3279BD4-2FEA-4C7F-ADB9-9752B3C6A14D}.Debug|Any CPU.Build.0 = Debug|Any CPU
		{E3279BD4-2FEA-4C7F-ADB9-9752B3C6A14D}.Release|Any CPU.ActiveCfg = Release|Any CPU
		{E3279BD4-2FEA-4C7F-ADB9-9752B3C6A14D}.Release|Any CPU.Build.0 = Release|Any CPU
		{0AA97C00-3B5B-4C4F-B5CF-1FC313E1AF86}.Debug|Any CPU.ActiveCfg = Debug|Any CPU
		{0AA97C00-3B5B-4C4F-B5CF-1FC313E1AF86}.Debug|Any CPU.Build.0 = Debug|Any CPU
		{0AA97C00-3B5B-4C4F-B5CF-1FC313E1AF86}.Release|Any CPU.ActiveCfg = Release|Any CPU
		{0AA97C00-3B5B-4C4F-B5CF-1FC313E1AF86}.Release|Any CPU.Build.0 = Release|Any CPU
		{2F2E0002-5BCC-4986-809E-5620F3F470DF}.Debug|Any CPU.ActiveCfg = Debug|Any CPU
		{2F2E0002-5BCC-4986-809E-5620F3F470DF}.Debug|Any CPU.Build.0 = Debug|Any CPU
		{2F2E0002-5BCC-4986-809E-5620F3F470DF}.Release|Any CPU.ActiveCfg = Release|Any CPU
		{2F2E0002-5BCC-4986-809E-5620F3F470DF}.Release|Any CPU.Build.0 = Release|Any CPU
	EndGlobalSection
	GlobalSection(SolutionProperties) = preSolution
		HideSolutionNode = FALSE
	EndGlobalSection
	GlobalSection(NestedProjects) = preSolution
		{245E803A-AB4F-40CA-8797-921C4084B044} = {0106514A-EC5A-4E9C-9C18-E48E9E738031}
		{085144A8-9642-4AF5-B25E-34368DB5D939} = {0106514A-EC5A-4E9C-9C18-E48E9E738031}
		{50234DCF-1BFA-49E9-A5BD-C2A4416DE8D4} = {0106514A-EC5A-4E9C-9C18-E48E9E738031}
		{707357A4-B3C3-46EF-A9F9-652F06FEC11C} = {0106514A-EC5A-4E9C-9C18-E48E9E738031}
		{81BE248B-479F-4BFB-B1CE-B1D5A079615D} = {B9BD83EF-683E-4A08-9EA6-C84CFC77523B}
		{76E251A7-5E8B-4BBA-A04F-367D062E2722} = {B9BD83EF-683E-4A08-9EA6-C84CFC77523B}
		{70AE534E-654D-438B-8AD4-426CA38182F2} = {B9BD83EF-683E-4A08-9EA6-C84CFC77523B}
		{5B488B5B-331F-4594-9957-7D4CBBE58ACF} = {E8D8A9A7-F57D-47CB-9AF3-FF6CFECC7819}
		{10BD19E8-962A-4149-AD7B-42C6FD41FEAE} = {E8D8A9A7-F57D-47CB-9AF3-FF6CFECC7819}
		{ECBD2587-A8AD-481C-85DB-172C887C30A4} = {E8D8A9A7-F57D-47CB-9AF3-FF6CFECC7819}
		{E3279BD4-2FEA-4C7F-ADB9-9752B3C6A14D} = {E8D8A9A7-F57D-47CB-9AF3-FF6CFECC7819}
		{0AA97C00-3B5B-4C4F-B5CF-1FC313E1AF86} = {99031C1D-AEF6-4549-A7CE-5568C0E97B62}
		{2F2E0002-5BCC-4986-809E-5620F3F470DF} = {99031C1D-AEF6-4549-A7CE-5568C0E97B62}
	EndGlobalSection
	GlobalSection(ExtensibilityGlobals) = postSolution
		SolutionGuid = {0E5DBE31-5476-438E-AB27-40FC9BD7AF12}
	EndGlobalSection
EndGlobal
